
Microsoft Visual Studio Solution File, Format Version 12.00
# Visual Studio Version 17
VisualStudioVersion = 17.14.36603.0 d17.14
MinimumVisualStudioVersion = 10.0.40219.1
Project("{00D1A9C2-B5F0-4AF3-8072-F6C62B433612}") = "Database1", "Database1\Database1.sqlproj", "{0FD0B2DE-BB85-416B-B6CF-F88AC5233D57}"
EndProject
Global
	GlobalSection(SolutionConfigurationPlatforms) = preSolution
		Debug|Any CPU = Debug|Any CPU
		Release|Any CPU = Release|Any CPU
	EndGlobalSection
	GlobalSection(ProjectConfigurationPlatforms) = postSolution
		{0FD0B2DE-BB85-416B-B6CF-F88AC5233D57}.Debug|Any CPU.ActiveCfg = Debug|Any CPU
		{0FD0B2DE-BB85-416B-B6CF-F88AC5233D57}.Debug|Any CPU.Build.0 = Debug|Any CPU
		{0FD0B2DE-BB85-416B-B6CF-F88AC5233D57}.Debug|Any CPU.Deploy.0 = Debug|Any CPU
		{0FD0B2DE-BB85-416B-B6CF-F88AC5233D57}.Release|Any CPU.ActiveCfg = Release|Any CPU
		{0FD0B2DE-BB85-416B-B6CF-F88AC5233D57}.Release|Any CPU.Build.0 = Release|Any CPU
		{0FD0B2DE-BB85-416B-B6CF-F88AC5233D57}.Release|Any CPU.Deploy.0 = Release|Any CPU
	EndGlobalSection
	GlobalSection(SolutionProperties) = preSolution
		HideSolutionNode = FALSE
	EndGlobalSection
	GlobalSection(ExtensibilityGlobals) = postSolution
		SolutionGuid = {57FD2107-8E2B-4FDE-94A2-56E46B48766B}
	EndGlobalSection
EndGlobal
